
Microsoft Visual Studio Solution File, Format Version 12.00
# Visual Studio Version 17
VisualStudioVersion = 17.0.31825.309
MinimumVisualStudioVersion = 10.0.40219.1
Project("{FAE04EC0-301F-11D3-BF4B-00C04F79EFBC}") = "BBMS", "BBMS\BBMS.csproj", "{007AEB84-B2A2-41C7-B46D-F47A8EDB82EB}"
EndProject
Global
	GlobalSection(SolutionConfigurationPlatforms) = preSolution
		Debug|Any CPU = Debug|Any CPU
		Release|Any CPU = Release|Any CPU
	EndGlobalSection
	GlobalSection(ProjectConfigurationPlatforms) = postSolution
		{007AEB84-B2A2-41C7-B46D-F47A8EDB82EB}.Debug|Any CPU.ActiveCfg = Debug|Any CPU
		{007AEB84-B2A2-41C7-B46D-F47A8EDB82EB}.Debug|Any CPU.Build.0 = Debug|Any CPU
		{007AEB84-B2A2-41C7-B46D-F47A8EDB82EB}.Release|Any CPU.ActiveCfg = Release|Any CPU
		{007AEB84-B2A2-41C7-B46D-F47A8EDB82EB}.Release|Any CPU.Build.0 = Release|Any CPU
	EndGlobalSection
	GlobalSection(SolutionProperties) = preSolution
		HideSolutionNode = FALSE
	EndGlobalSection
	GlobalSection(ExtensibilityGlobals) = postSolution
		SolutionGuid = {EA643001-3F1F-4D17-BE56-29A0541DAB0E}
	EndGlobalSection
EndGlobal
